
Microsoft Visual Studio Solution File, Format Version 12.00
# Visual Studio Version 17
VisualStudioVersion = 17.8.34525.116
MinimumVisualStudioVersion = 10.0.40219.1
Project("{FAE04EC0-301F-11D3-BF4B-00C04F79EFBC}") = "Move-Files", "Move-Files\Move-Files.csproj", "{387E10A5-6D09-45FA-A59D-D06F97DCD54C}"
EndProject
Global
	GlobalSection(SolutionConfigurationPlatforms) = preSolution
		Debug|Any CPU = Debug|Any CPU
		Release|Any CPU = Release|Any CPU
	EndGlobalSection
	GlobalSection(ProjectConfigurationPlatforms) = postSolution
		{387E10A5-6D09-45FA-A59D-D06F97DCD54C}.Debug|Any CPU.ActiveCfg = Debug|Any CPU
		{387E10A5-6D09-45FA-A59D-D06F97DCD54C}.Debug|Any CPU.Build.0 = Debug|Any CPU
		{387E10A5-6D09-45FA-A59D-D06F97DCD54C}.Release|Any CPU.ActiveCfg = Release|Any CPU
		{387E10A5-6D09-45FA-A59D-D06F97DCD54C}.Release|Any CPU.Build.0 = Release|Any CPU
	EndGlobalSection
	GlobalSection(SolutionProperties) = preSolution
		HideSolutionNode = FALSE
	EndGlobalSection
	GlobalSection(ExtensibilityGlobals) = postSolution
		SolutionGuid = {56BAB195-62CD-469D-8B5D-AF2DD42DA0D6}
	EndGlobalSection
EndGlobal
